
Microsoft Visual Studio Solution File, Format Version 12.00
# Visual Studio Version 16
VisualStudioVersion = 16.0.30711.63
MinimumVisualStudioVersion = 10.0.40219.1
Project("{FAE04EC0-301F-11D3-BF4B-00C04F79EFBC}") = "PongClient", "PongClient\PongClient.csproj", "{2F768EC8-CB16-40F1-9A20-7FE19805C88A}"
EndProject
Global
	GlobalSection(SolutionConfigurationPlatforms) = preSolution
		Debug|Any CPU = Debug|Any CPU
		Release|Any CPU = Release|Any CPU
	EndGlobalSection
	GlobalSection(ProjectConfigurationPlatforms) = postSolution
		{2F768EC8-CB16-40F1-9A20-7FE19805C88A}.Debug|Any CPU.ActiveCfg = Debug|Any CPU
		{2F768EC8-CB16-40F1-9A20-7FE19805C88A}.Debug|Any CPU.Build.0 = Debug|Any CPU
		{2F768EC8-CB16-40F1-9A20-7FE19805C88A}.Release|Any CPU.ActiveCfg = Release|Any CPU
		{2F768EC8-CB16-40F1-9A20-7FE19805C88A}.Release|Any CPU.Build.0 = Release|Any CPU
	EndGlobalSection
	GlobalSection(SolutionProperties) = preSolution
		HideSolutionNode = FALSE
	EndGlobalSection
	GlobalSection(ExtensibilityGlobals) = postSolution
		SolutionGuid = {E2047FF7-2711-4332-ABCA-E43C6A71615C}
	EndGlobalSection
EndGlobal
